
Microsoft Visual Studio Solution File, Format Version 12.00
# Visual Studio 14
VisualStudioVersion = 14.0.25420.1
MinimumVisualStudioVersion = 10.0.40219.1
Project("{FAE04EC0-301F-11D3-BF4B-00C04F79EFBC}") = "specflow", "specflow\specflow.csproj", "{3669E1C0-F032-446E-90B6-A0FB0E079DDD}"
EndProject
Global
	GlobalSection(SolutionConfigurationPlatforms) = preSolution
		Debug|Any CPU = Debug|Any CPU
		Release|Any CPU = Release|Any CPU
	EndGlobalSection
	GlobalSection(ProjectConfigurationPlatforms) = postSolution
		{3669E1C0-F032-446E-90B6-A0FB0E079DDD}.Debug|Any CPU.ActiveCfg = Debug|Any CPU
		{3669E1C0-F032-446E-90B6-A0FB0E079DDD}.Debug|Any CPU.Build.0 = Debug|Any CPU
		{3669E1C0-F032-446E-90B6-A0FB0E079DDD}.Release|Any CPU.ActiveCfg = Release|Any CPU
		{3669E1C0-F032-446E-90B6-A0FB0E079DDD}.Release|Any CPU.Build.0 = Release|Any CPU
	EndGlobalSection
	GlobalSection(SolutionProperties) = preSolution
		HideSolutionNode = FALSE
	EndGlobalSection
EndGlobal
